
Microsoft Visual Studio Solution File, Format Version 12.00
# Visual Studio 15
VisualStudioVersion = 15.0.33026.149
MinimumVisualStudioVersion = 10.0.40219.1
Project("{FAE04EC0-301F-11D3-BF4B-00C04F79EFBC}") = "Persistent.PatientCareNXT.Dev", "Persistent.PatientCareNXT.Dev\Persistent.PatientCareNXT.Dev.csproj", "{78397DF4-A771-48EC-A540-1F5BB5151904}"
EndProject
Global
	GlobalSection(SolutionConfigurationPlatforms) = preSolution
		Debug|Any CPU = Debug|Any CPU
		Release|Any CPU = Release|Any CPU
	EndGlobalSection
	GlobalSection(ProjectConfigurationPlatforms) = postSolution
		{78397DF4-A771-48EC-A540-1F5BB5151904}.Debug|Any CPU.ActiveCfg = Debug|Any CPU
		{78397DF4-A771-48EC-A540-1F5BB5151904}.Debug|Any CPU.Build.0 = Debug|Any CPU
		{78397DF4-A771-48EC-A540-1F5BB5151904}.Release|Any CPU.ActiveCfg = Release|Any CPU
		{78397DF4-A771-48EC-A540-1F5BB5151904}.Release|Any CPU.Build.0 = Release|Any CPU
	EndGlobalSection
	GlobalSection(SolutionProperties) = preSolution
		HideSolutionNode = FALSE
	EndGlobalSection
	GlobalSection(ExtensibilityGlobals) = postSolution
		SolutionGuid = {0025E2F5-6132-4716-A233-648EA4C0C531}
	EndGlobalSection
EndGlobal
